
Microsoft Visual Studio Solution File, Format Version 12.00
# Visual Studio Version 17
VisualStudioVersion = 17.0.31903.59
MinimumVisualStudioVersion = 10.0.40219.1
Project("{2150E333-8FDC-42A3-9474-1A3956D46DE8}") = "src", "src", "{827E0CD3-B72D-47B6-A68D-7590B98EB39B}"
EndProject
Project("{FAE04EC0-301F-11D3-BF4B-00C04F79EFBC}") = "DeepLead.Api", "src\DeepLead.Api\DeepLead.Api.csproj", "{EA8AB086-1DB3-4105-8EAC-80223BEC9D54}"
EndProject
Project("{FAE04EC0-301F-11D3-BF4B-00C04F79EFBC}") = "DeepLead.Core", "src\DeepLead.Core\DeepLead.Core.csproj", "{26E5F653-E8B7-475F-9527-6F055DEF719D}"
EndProject
Project("{FAE04EC0-301F-11D3-BF4B-00C04F79EFBC}") = "DeepLead.Data", "src\DeepLead.Data\DeepLead.Data.csproj", "{0B7ECA3E-E79D-4920-975B-D74BE5E64259}"
EndProject
Project("{FAE04EC0-301F-11D3-BF4B-00C04F79EFBC}") = "DeepLead.Enrichment", "src\DeepLead.Enrichment\DeepLead.Enrichment.csproj", "{0A43AE40-BE13-49CF-8FF6-2140F4901416}"
EndProject
Project("{FAE04EC0-301F-11D3-BF4B-00C04F79EFBC}") = "DeepLead.Export", "src\DeepLead.Export\DeepLead.Export.csproj", "{27725476-E8C6-4B89-B018-A821B365E74B}"
EndProject
Project("{FAE04EC0-301F-11D3-BF4B-00C04F79EFBC}") = "DeepLead.Migrator", "src\DeepLead.Migrator\DeepLead.Migrator.csproj", "{892A3F90-4CA4-481F-9F53-47C89F0304D0}"
EndProject
Project("{FAE04EC0-301F-11D3-BF4B-00C04F79EFBC}") = "DeepLead.Scrapers", "src\DeepLead.Scrapers\DeepLead.Scrapers.csproj", "{0BF12D4A-6BC9-48FA-BA06-EDA1D8BE168D}"
EndProject
Project("{FAE04EC0-301F-11D3-BF4B-00C04F79EFBC}") = "DeepLead.Worker", "src\DeepLead.Worker\DeepLead.Worker.csproj", "{8F334F0A-F1C4-4F33-8535-123777D874E3}"
EndProject
Project("{2150E333-8FDC-42A3-9474-1A3956D46DE8}") = "tests", "tests", "{0AB3BF05-4346-4AA6-1389-037BE0695223}"
EndProject
Project("{FAE04EC0-301F-11D3-BF4B-00C04F79EFBC}") = "DeepLead.Enrichment.Tests", "tests\DeepLead.Enrichment.Tests\DeepLead.Enrichment.Tests.csproj", "{2782BF83-605D-4644-85A5-A5FD3090CA21}"
EndProject
Project("{FAE04EC0-301F-11D3-BF4B-00C04F79EFBC}") = "DeepLead.Scrapers.Tests", "tests\DeepLead.Scrapers.Tests\DeepLead.Scrapers.Tests.csproj", "{9B56AE64-8C87-4B20-AAC5-E71AB4B6E5CE}"
EndProject
Project("{FAE04EC0-301F-11D3-BF4B-00C04F79EFBC}") = "DeepLead.Cli", "src\DeepLead.Cli\DeepLead.Cli.csproj", "{A484D915-FDFF-48C1-8EF0-7C9542C21BE1}"
EndProject
Project("{FAE04EC0-301F-11D3-BF4B-00C04F79EFBC}") = "DeepLead.WebHost", "src\DeepLead.WebHost\DeepLead.WebHost.csproj", "{A693077C-BF94-4B98-9DD1-34CDC626508D}"
EndProject
Global
	GlobalSection(SolutionConfigurationPlatforms) = preSolution
		Debug|Any CPU = Debug|Any CPU
		Debug|x64 = Debug|x64
		Debug|x86 = Debug|x86
		Release|Any CPU = Release|Any CPU
		Release|x64 = Release|x64
		Release|x86 = Release|x86
	EndGlobalSection
	GlobalSection(ProjectConfigurationPlatforms) = postSolution
		{EA8AB086-1DB3-4105-8EAC-80223BEC9D54}.Debug|Any CPU.ActiveCfg = Debug|Any CPU
		{EA8AB086-1DB3-4105-8EAC-80223BEC9D54}.Debug|Any CPU.Build.0 = Debug|Any CPU
		{EA8AB086-1DB3-4105-8EAC-80223BEC9D54}.Debug|x64.ActiveCfg = Debug|Any CPU
		{EA8AB086-1DB3-4105-8EAC-80223BEC9D54}.Debug|x64.Build.0 = Debug|Any CPU
		{EA8AB086-1DB3-4105-8EAC-80223BEC9D54}.Debug|x86.ActiveCfg = Debug|Any CPU
		{EA8AB086-1DB3-4105-8EAC-80223BEC9D54}.Debug|x86.Build.0 = Debug|Any CPU
		{EA8AB086-1DB3-4105-8EAC-80223BEC9D54}.Release|Any CPU.ActiveCfg = Release|Any CPU
		{EA8AB086-1DB3-4105-8EAC-80223BEC9D54}.Release|Any CPU.Build.0 = Release|Any CPU
		{EA8AB086-1DB3-4105-8EAC-80223BEC9D54}.Release|x64.ActiveCfg = Release|Any CPU
		{EA8AB086-1DB3-4105-8EAC-80223BEC9D54}.Release|x64.Build.0 = Release|Any CPU
		{EA8AB086-1DB3-4105-8EAC-80223BEC9D54}.Release|x86.ActiveCfg = Release|Any CPU
		{EA8AB086-1DB3-4105-8EAC-80223BEC9D54}.Release|x86.Build.0 = Release|Any CPU
		{26E5F653-E8B7-475F-9527-6F055DEF719D}.Debug|Any CPU.ActiveCfg = Debug|Any CPU
		{26E5F653-E8B7-475F-9527-6F055DEF719D}.Debug|Any CPU.Build.0 = Debug|Any CPU
		{26E5F653-E8B7-475F-9527-6F055DEF719D}.Debug|x64.ActiveCfg = Debug|Any CPU
		{26E5F653-E8B7-475F-9527-6F055DEF719D}.Debug|x64.Build.0 = Debug|Any CPU
		{26E5F653-E8B7-475F-9527-6F055DEF719D}.Debug|x86.ActiveCfg = Debug|Any CPU
		{26E5F653-E8B7-475F-9527-6F055DEF719D}.Debug|x86.Build.0 = Debug|Any CPU
		{26E5F653-E8B7-475F-9527-6F055DEF719D}.Release|Any CPU.ActiveCfg = Release|Any CPU
		{26E5F653-E8B7-475F-9527-6F055DEF719D}.Release|Any CPU.Build.0 = Release|Any CPU
		{26E5F653-E8B7-475F-9527-6F055DEF719D}.Release|x64.ActiveCfg = Release|Any CPU
		{26E5F653-E8B7-475F-9527-6F055DEF719D}.Release|x64.Build.0 = Release|Any CPU
		{26E5F653-E8B7-475F-9527-6F055DEF719D}.Release|x86.ActiveCfg = Release|Any CPU
		{26E5F653-E8B7-475F-9527-6F055DEF719D}.Release|x86.Build.0 = Release|Any CPU
		{0B7ECA3E-E79D-4920-975B-D74BE5E64259}.Debug|Any CPU.ActiveCfg = Debug|Any CPU
		{0B7ECA3E-E79D-4920-975B-D74BE5E64259}.Debug|Any CPU.Build.0 = Debug|Any CPU
		{0B7ECA3E-E79D-4920-975B-D74BE5E64259}.Debug|x64.ActiveCfg = Debug|Any CPU
		{0B7ECA3E-E79D-4920-975B-D74BE5E64259}.Debug|x64.Build.0 = Debug|Any CPU
		{0B7ECA3E-E79D-4920-975B-D74BE5E64259}.Debug|x86.ActiveCfg = Debug|Any CPU
		{0B7ECA3E-E79D-4920-975B-D74BE5E64259}.Debug|x86.Build.0 = Debug|Any CPU
		{0B7ECA3E-E79D-4920-975B-D74BE5E64259}.Release|Any CPU.ActiveCfg = Release|Any CPU
		{0B7ECA3E-E79D-4920-975B-D74BE5E64259}.Release|Any CPU.Build.0 = Release|Any CPU
		{0B7ECA3E-E79D-4920-975B-D74BE5E64259}.Release|x64.ActiveCfg = Release|Any CPU
		{0B7ECA3E-E79D-4920-975B-D74BE5E64259}.Release|x64.Build.0 = Release|Any CPU
		{0B7ECA3E-E79D-4920-975B-D74BE5E64259}.Release|x86.ActiveCfg = Release|Any CPU
		{0B7ECA3E-E79D-4920-975B-D74BE5E64259}.Release|x86.Build.0 = Release|Any CPU
		{0A43AE40-BE13-49CF-8FF6-2140F4901416}.Debug|Any CPU.ActiveCfg = Debug|Any CPU
		{0A43AE40-BE13-49CF-8FF6-2140F4901416}.Debug|Any CPU.Build.0 = Debug|Any CPU
		{0A43AE40-BE13-49CF-8FF6-2140F4901416}.Debug|x64.ActiveCfg = Debug|Any CPU
		{0A43AE40-BE13-49CF-8FF6-2140F4901416}.Debug|x64.Build.0 = Debug|Any CPU
		{0A43AE40-BE13-49CF-8FF6-2140F4901416}.Debug|x86.ActiveCfg = Debug|Any CPU
		{0A43AE40-BE13-49CF-8FF6-2140F4901416}.Debug|x86.Build.0 = Debug|Any CPU
		{0A43AE40-BE13-49CF-8FF6-2140F4901416}.Release|Any CPU.ActiveCfg = Release|Any CPU
		{0A43AE40-BE13-49CF-8FF6-2140F4901416}.Release|Any CPU.Build.0 = Release|Any CPU
		{0A43AE40-BE13-49CF-8FF6-2140F4901416}.Release|x64.ActiveCfg = Release|Any CPU
		{0A43AE40-BE13-49CF-8FF6-2140F4901416}.Release|x64.Build.0 = Release|Any CPU
		{0A43AE40-BE13-49CF-8FF6-2140F4901416}.Release|x86.ActiveCfg = Release|Any CPU
		{0A43AE40-BE13-49CF-8FF6-2140F4901416}.Release|x86.Build.0 = Release|Any CPU
		{27725476-E8C6-4B89-B018-A821B365E74B}.Debug|Any CPU.ActiveCfg = Debug|Any CPU
		{27725476-E8C6-4B89-B018-A821B365E74B}.Debug|Any CPU.Build.0 = Debug|Any CPU
		{27725476-E8C6-4B89-B018-A821B365E74B}.Debug|x64.ActiveCfg = Debug|Any CPU
		{27725476-E8C6-4B89-B018-A821B365E74B}.Debug|x64.Build.0 = Debug|Any CPU
		{27725476-E8C6-4B89-B018-A821B365E74B}.Debug|x86.ActiveCfg = Debug|Any CPU
		{27725476-E8C6-4B89-B018-A821B365E74B}.Debug|x86.Build.0 = Debug|Any CPU
		{27725476-E8C6-4B89-B018-A821B365E74B}.Release|Any CPU.ActiveCfg = Release|Any CPU
		{27725476-E8C6-4B89-B018-A821B365E74B}.Release|Any CPU.Build.0 = Release|Any CPU
		{27725476-E8C6-4B89-B018-A821B365E74B}.Release|x64.ActiveCfg = Release|Any CPU
		{27725476-E8C6-4B89-B018-A821B365E74B}.Release|x64.Build.0 = Release|Any CPU
		{27725476-E8C6-4B89-B018-A821B365E74B}.Release|x86.ActiveCfg = Release|Any CPU
		{27725476-E8C6-4B89-B018-A821B365E74B}.Release|x86.Build.0 = Release|Any CPU
		{892A3F90-4CA4-481F-9F53-47C89F0304D0}.Debug|Any CPU.ActiveCfg = Debug|Any CPU
		{892A3F90-4CA4-481F-9F53-47C89F0304D0}.Debug|Any CPU.Build.0 = Debug|Any CPU
		{892A3F90-4CA4-481F-9F53-47C89F0304D0}.Debug|x64.ActiveCfg = Debug|Any CPU
		{892A3F90-4CA4-481F-9F53-47C89F0304D0}.Debug|x64.Build.0 = Debug|Any CPU
		{892A3F90-4CA4-481F-9F53-47C89F0304D0}.Debug|x86.ActiveCfg = Debug|Any CPU
		{892A3F90-4CA4-481F-9F53-47C89F0304D0}.Debug|x86.Build.0 = Debug|Any CPU
		{892A3F90-4CA4-481F-9F53-47C89F0304D0}.Release|Any CPU.ActiveCfg = Release|Any CPU
		{892A3F90-4CA4-481F-9F53-47C89F0304D0}.Release|Any CPU.Build.0 = Release|Any CPU
		{892A3F90-4CA4-481F-9F53-47C89F0304D0}.Release|x64.ActiveCfg = Release|Any CPU
		{892A3F90-4CA4-481F-9F53-47C89F0304D0}.Release|x64.Build.0 = Release|Any CPU
		{892A3F90-4CA4-481F-9F53-47C89F0304D0}.Release|x86.ActiveCfg = Release|Any CPU
		{892A3F90-4CA4-481F-9F53-47C89F0304D0}.Release|x86.Build.0 = Release|Any CPU
		{0BF12D4A-6BC9-48FA-BA06-EDA1D8BE168D}.Debug|Any CPU.ActiveCfg = Debug|Any CPU
		{0BF12D4A-6BC9-48FA-BA06-EDA1D8BE168D}.Debug|Any CPU.Build.0 = Debug|Any CPU
		{0BF12D4A-6BC9-48FA-BA06-EDA1D8BE168D}.Debug|x64.ActiveCfg = Debug|Any CPU
		{0BF12D4A-6BC9-48FA-BA06-EDA1D8BE168D}.Debug|x64.Build.0 = Debug|Any CPU
		{0BF12D4A-6BC9-48FA-BA06-EDA1D8BE168D}.Debug|x86.ActiveCfg = Debug|Any CPU
		{0BF12D4A-6BC9-48FA-BA06-EDA1D8BE168D}.Debug|x86.Build.0 = Debug|Any CPU
		{0BF12D4A-6BC9-48FA-BA06-EDA1D8BE168D}.Release|Any CPU.ActiveCfg = Release|Any CPU
		{0BF12D4A-6BC9-48FA-BA06-EDA1D8BE168D}.Release|Any CPU.Build.0 = Release|Any CPU
		{0BF12D4A-6BC9-48FA-BA06-EDA1D8BE168D}.Release|x64.ActiveCfg = Release|Any CPU
		{0BF12D4A-6BC9-48FA-BA06-EDA1D8BE168D}.Release|x64.Build.0 = Release|Any CPU
		{0BF12D4A-6BC9-48FA-BA06-EDA1D8BE168D}.Release|x86.ActiveCfg = Release|Any CPU
		{0BF12D4A-6BC9-48FA-BA06-EDA1D8BE168D}.Release|x86.Build.0 = Release|Any CPU
		{8F334F0A-F1C4-4F33-8535-123777D874E3}.Debug|Any CPU.ActiveCfg = Debug|Any CPU
		{8F334F0A-F1C4-4F33-8535-123777D874E3}.Debug|Any CPU.Build.0 = Debug|Any CPU
		{8F334F0A-F1C4-4F33-8535-123777D874E3}.Debug|x64.ActiveCfg = Debug|Any CPU
		{8F334F0A-F1C4-4F33-8535-123777D874E3}.Debug|x64.Build.0 = Debug|Any CPU
		{8F334F0A-F1C4-4F33-8535-123777D874E3}.Debug|x86.ActiveCfg = Debug|Any CPU
		{8F334F0A-F1C4-4F33-8535-123777D874E3}.Debug|x86.Build.0 = Debug|Any CPU
		{8F334F0A-F1C4-4F33-8535-123777D874E3}.Release|Any CPU.ActiveCfg = Release|Any CPU
		{8F334F0A-F1C4-4F33-8535-123777D874E3}.Release|Any CPU.Build.0 = Release|Any CPU
		{8F334F0A-F1C4-4F33-8535-123777D874E3}.Release|x64.ActiveCfg = Release|Any CPU
		{8F334F0A-F1C4-4F33-8535-123777D874E3}.Release|x64.Build.0 = Release|Any CPU
		{8F334F0A-F1C4-4F33-8535-123777D874E3}.Release|x86.ActiveCfg = Release|Any CPU
		{8F334F0A-F1C4-4F33-8535-123777D874E3}.Release|x86.Build.0 = Release|Any CPU
		{2782BF83-605D-4644-85A5-A5FD3090CA21}.Debug|Any CPU.ActiveCfg = Debug|Any CPU
		{2782BF83-605D-4644-85A5-A5FD3090CA21}.Debug|Any CPU.Build.0 = Debug|Any CPU
		{2782BF83-605D-4644-85A5-A5FD3090CA21}.Debug|x64.ActiveCfg = Debug|Any CPU
		{2782BF83-605D-4644-85A5-A5FD3090CA21}.Debug|x64.Build.0 = Debug|Any CPU
		{2782BF83-605D-4644-85A5-A5FD3090CA21}.Debug|x86.ActiveCfg = Debug|Any CPU
		{2782BF83-605D-4644-85A5-A5FD3090CA21}.Debug|x86.Build.0 = Debug|Any CPU
		{2782BF83-605D-4644-85A5-A5FD3090CA21}.Release|Any CPU.ActiveCfg = Release|Any CPU
		{2782BF83-605D-4644-85A5-A5FD3090CA21}.Release|Any CPU.Build.0 = Release|Any CPU
		{2782BF83-605D-4644-85A5-A5FD3090CA21}.Release|x64.ActiveCfg = Release|Any CPU
		{2782BF83-605D-4644-85A5-A5FD3090CA21}.Release|x64.Build.0 = Release|Any CPU
		{2782BF83-605D-4644-85A5-A5FD3090CA21}.Release|x86.ActiveCfg = Release|Any CPU
		{2782BF83-605D-4644-85A5-A5FD3090CA21}.Release|x86.Build.0 = Release|Any CPU
		{9B56AE64-8C87-4B20-AAC5-E71AB4B6E5CE}.Debug|Any CPU.ActiveCfg = Debug|Any CPU
		{9B56AE64-8C87-4B20-AAC5-E71AB4B6E5CE}.Debug|Any CPU.Build.0 = Debug|Any CPU
		{9B56AE64-8C87-4B20-AAC5-E71AB4B6E5CE}.Debug|x64.ActiveCfg = Debug|Any CPU
		{9B56AE64-8C87-4B20-AAC5-E71AB4B6E5CE}.Debug|x64.Build.0 = Debug|Any CPU
		{9B56AE64-8C87-4B20-AAC5-E71AB4B6E5CE}.Debug|x86.ActiveCfg = Debug|Any CPU
		{9B56AE64-8C87-4B20-AAC5-E71AB4B6E5CE}.Debug|x86.Build.0 = Debug|Any CPU
		{9B56AE64-8C87-4B20-AAC5-E71AB4B6E5CE}.Release|Any CPU.ActiveCfg = Release|Any CPU
		{9B56AE64-8C87-4B20-AAC5-E71AB4B6E5CE}.Release|Any CPU.Build.0 = Release|Any CPU
		{9B56AE64-8C87-4B20-AAC5-E71AB4B6E5CE}.Release|x64.ActiveCfg = Release|Any CPU
		{9B56AE64-8C87-4B20-AAC5-E71AB4B6E5CE}.Release|x64.Build.0 = Release|Any CPU
		{9B56AE64-8C87-4B20-AAC5-E71AB4B6E5CE}.Release|x86.ActiveCfg = Release|Any CPU
		{9B56AE64-8C87-4B20-AAC5-E71AB4B6E5CE}.Release|x86.Build.0 = Release|Any CPU
		{A484D915-FDFF-48C1-8EF0-7C9542C21BE1}.Debug|Any CPU.ActiveCfg = Debug|Any CPU
		{A484D915-FDFF-48C1-8EF0-7C9542C21BE1}.Debug|Any CPU.Build.0 = Debug|Any CPU
		{A484D915-FDFF-48C1-8EF0-7C9542C21BE1}.Debug|x64.ActiveCfg = Debug|Any CPU
		{A484D915-FDFF-48C1-8EF0-7C9542C21BE1}.Debug|x64.Build.0 = Debug|Any CPU
		{A484D915-FDFF-48C1-8EF0-7C9542C21BE1}.Debug|x86.ActiveCfg = Debug|Any CPU
		{A484D915-FDFF-48C1-8EF0-7C9542C21BE1}.Debug|x86.Build.0 = Debug|Any CPU
		{A484D915-FDFF-48C1-8EF0-7C9542C21BE1}.Release|Any CPU.ActiveCfg = Release|Any CPU
		{A484D915-FDFF-48C1-8EF0-7C9542C21BE1}.Release|Any CPU.Build.0 = Release|Any CPU
		{A484D915-FDFF-48C1-8EF0-7C9542C21BE1}.Release|x64.ActiveCfg = Release|Any CPU
		{A484D915-FDFF-48C1-8EF0-7C9542C21BE1}.Release|x64.Build.0 = Release|Any CPU
		{A484D915-FDFF-48C1-8EF0-7C9542C21BE1}.Release|x86.ActiveCfg = Release|Any CPU
		{A484D915-FDFF-48C1-8EF0-7C9542C21BE1}.Release|x86.Build.0 = Release|Any CPU
		{A693077C-BF94-4B98-9DD1-34CDC626508D}.Debug|Any CPU.ActiveCfg = Debug|Any CPU
		{A693077C-BF94-4B98-9DD1-34CDC626508D}.Debug|Any CPU.Build.0 = Debug|Any CPU
		{A693077C-BF94-4B98-9DD1-34CDC626508D}.Debug|x64.ActiveCfg = Debug|Any CPU
		{A693077C-BF94-4B98-9DD1-34CDC626508D}.Debug|x64.Build.0 = Debug|Any CPU
		{A693077C-BF94-4B98-9DD1-34CDC626508D}.Debug|x86.ActiveCfg = Debug|Any CPU
		{A693077C-BF94-4B98-9DD1-34CDC626508D}.Debug|x86.Build.0 = Debug|Any CPU
		{A693077C-BF94-4B98-9DD1-34CDC626508D}.Release|Any CPU.ActiveCfg = Release|Any CPU
		{A693077C-BF94-4B98-9DD1-34CDC626508D}.Release|Any CPU.Build.0 = Release|Any CPU
		{A693077C-BF94-4B98-9DD1-34CDC626508D}.Release|x64.ActiveCfg = Release|Any CPU
		{A693077C-BF94-4B98-9DD1-34CDC626508D}.Release|x64.Build.0 = Release|Any CPU
		{A693077C-BF94-4B98-9DD1-34CDC626508D}.Release|x86.ActiveCfg = Release|Any CPU
		{A693077C-BF94-4B98-9DD1-34CDC626508D}.Release|x86.Build.0 = Release|Any CPU
	EndGlobalSection
	GlobalSection(SolutionProperties) = preSolution
		HideSolutionNode = FALSE
	EndGlobalSection
	GlobalSection(NestedProjects) = preSolution
		{EA8AB086-1DB3-4105-8EAC-80223BEC9D54} = {827E0CD3-B72D-47B6-A68D-7590B98EB39B}
		{26E5F653-E8B7-475F-9527-6F055DEF719D} = {827E0CD3-B72D-47B6-A68D-7590B98EB39B}
		{0B7ECA3E-E79D-4920-975B-D74BE5E64259} = {827E0CD3-B72D-47B6-A68D-7590B98EB39B}
		{0A43AE40-BE13-49CF-8FF6-2140F4901416} = {827E0CD3-B72D-47B6-A68D-7590B98EB39B}
		{27725476-E8C6-4B89-B018-A821B365E74B} = {827E0CD3-B72D-47B6-A68D-7590B98EB39B}
		{892A3F90-4CA4-481F-9F53-47C89F0304D0} = {827E0CD3-B72D-47B6-A68D-7590B98EB39B}
		{0BF12D4A-6BC9-48FA-BA06-EDA1D8BE168D} = {827E0CD3-B72D-47B6-A68D-7590B98EB39B}
		{8F334F0A-F1C4-4F33-8535-123777D874E3} = {827E0CD3-B72D-47B6-A68D-7590B98EB39B}
		{2782BF83-605D-4644-85A5-A5FD3090CA21} = {0AB3BF05-4346-4AA6-1389-037BE0695223}
		{9B56AE64-8C87-4B20-AAC5-E71AB4B6E5CE} = {0AB3BF05-4346-4AA6-1389-037BE0695223}
		{A484D915-FDFF-48C1-8EF0-7C9542C21BE1} = {827E0CD3-B72D-47B6-A68D-7590B98EB39B}
		{A693077C-BF94-4B98-9DD1-34CDC626508D} = {827E0CD3-B72D-47B6-A68D-7590B98EB39B}
	EndGlobalSection
EndGlobal
